
Microsoft Visual Studio Solution File, Format Version 12.00
# Visual Studio Version 17
VisualStudioVersion = 17.4.33213.308
MinimumVisualStudioVersion = 10.0.40219.1
Project("{FAE04EC0-301F-11D3-BF4B-00C04F79EFBC}") = "ContractServiceWCF", "ContractServiceWCF\ContractServiceWCF.csproj", "{07A59E35-0D78-49C9-BEB6-79209426D0C4}"
EndProject
Project("{FAE04EC0-301F-11D3-BF4B-00C04F79EFBC}") = "ContractService.Client", "ContractService.Client\ContractService.Client.csproj", "{2560DFCA-7B8A-4001-BB35-8990579A4DCB}"
EndProject
Global
	GlobalSection(SolutionConfigurationPlatforms) = preSolution
		Debug|Any CPU = Debug|Any CPU
		Release|Any CPU = Release|Any CPU
	EndGlobalSection
	GlobalSection(ProjectConfigurationPlatforms) = postSolution
		{07A59E35-0D78-49C9-BEB6-79209426D0C4}.Debug|Any CPU.ActiveCfg = Debug|Any CPU
		{07A59E35-0D78-49C9-BEB6-79209426D0C4}.Debug|Any CPU.Build.0 = Debug|Any CPU
		{07A59E35-0D78-49C9-BEB6-79209426D0C4}.Release|Any CPU.ActiveCfg = Release|Any CPU
		{07A59E35-0D78-49C9-BEB6-79209426D0C4}.Release|Any CPU.Build.0 = Release|Any CPU
		{2560DFCA-7B8A-4001-BB35-8990579A4DCB}.Debug|Any CPU.ActiveCfg = Debug|Any CPU
		{2560DFCA-7B8A-4001-BB35-8990579A4DCB}.Debug|Any CPU.Build.0 = Debug|Any CPU
		{2560DFCA-7B8A-4001-BB35-8990579A4DCB}.Release|Any CPU.ActiveCfg = Release|Any CPU
		{2560DFCA-7B8A-4001-BB35-8990579A4DCB}.Release|Any CPU.Build.0 = Release|Any CPU
	EndGlobalSection
	GlobalSection(SolutionProperties) = preSolution
		HideSolutionNode = FALSE
	EndGlobalSection
	GlobalSection(ExtensibilityGlobals) = postSolution
		SolutionGuid = {36FD5479-AFA2-4B1A-8CAF-3AC267CFF6A6}
	EndGlobalSection
EndGlobal
